
Microsoft Visual Studio Solution File, Format Version 12.00
# Visual Studio 15
VisualStudioVersion = 15.0.27428.2037
MinimumVisualStudioVersion = 10.0.40219.1
Project("{FAE04EC0-301F-11D3-BF4B-00C04F79EFBC}") = "webapi 尝试2", "webapi 尝试2\webapi 尝试2.csproj", "{5095B44E-8F74-41E9-B85E-144CFD66F3EE}"
EndProject
Global
	GlobalSection(SolutionConfigurationPlatforms) = preSolution
		Debug|Any CPU = Debug|Any CPU
		Release|Any CPU = Release|Any CPU
	EndGlobalSection
	GlobalSection(ProjectConfigurationPlatforms) = postSolution
		{5095B44E-8F74-41E9-B85E-144CFD66F3EE}.Debug|Any CPU.ActiveCfg = Debug|Any CPU
		{5095B44E-8F74-41E9-B85E-144CFD66F3EE}.Debug|Any CPU.Build.0 = Debug|Any CPU
		{5095B44E-8F74-41E9-B85E-144CFD66F3EE}.Release|Any CPU.ActiveCfg = Release|Any CPU
		{5095B44E-8F74-41E9-B85E-144CFD66F3EE}.Release|Any CPU.Build.0 = Release|Any CPU
	EndGlobalSection
	GlobalSection(SolutionProperties) = preSolution
		HideSolutionNode = FALSE
	EndGlobalSection
	GlobalSection(ExtensibilityGlobals) = postSolution
		SolutionGuid = {002CF437-9CD6-451D-BFDB-52320FCB702C}
	EndGlobalSection
EndGlobal
